
Microsoft Visual Studio Solution File, Format Version 11.00
# Visual Studio 2010
Project("{FAE04EC0-301F-11D3-BF4B-00C04F79EFBC}") = "CSharpBrackets", "CSharpBrackets\CSharpBrackets.csproj", "{E5F84C86-1786-44D6-80CB-B6A12893426C}"
EndProject
Project("{FAE04EC0-301F-11D3-BF4B-00C04F79EFBC}") = "Justification", "Justification\Justification.csproj", "{C42C42AA-F6B1-4ABF-B03C-EE6485CC257C}"
EndProject
Global
	GlobalSection(SolutionConfigurationPlatforms) = preSolution
		Debug|x86 = Debug|x86
		Release|x86 = Release|x86
	EndGlobalSection
	GlobalSection(ProjectConfigurationPlatforms) = postSolution
		{E5F84C86-1786-44D6-80CB-B6A12893426C}.Debug|x86.ActiveCfg = Debug|x86
		{E5F84C86-1786-44D6-80CB-B6A12893426C}.Debug|x86.Build.0 = Debug|x86
		{E5F84C86-1786-44D6-80CB-B6A12893426C}.Release|x86.ActiveCfg = Release|x86
		{E5F84C86-1786-44D6-80CB-B6A12893426C}.Release|x86.Build.0 = Release|x86
		{C42C42AA-F6B1-4ABF-B03C-EE6485CC257C}.Debug|x86.ActiveCfg = Debug|x86
		{C42C42AA-F6B1-4ABF-B03C-EE6485CC257C}.Debug|x86.Build.0 = Debug|x86
		{C42C42AA-F6B1-4ABF-B03C-EE6485CC257C}.Release|x86.ActiveCfg = Release|x86
		{C42C42AA-F6B1-4ABF-B03C-EE6485CC257C}.Release|x86.Build.0 = Release|x86
	EndGlobalSection
	GlobalSection(SolutionProperties) = preSolution
		HideSolutionNode = FALSE
	EndGlobalSection
EndGlobal
